// !$*UTF8*$!
{
	archiveVersion = 1;
	classes = {
	};
	objectVersion = 46;
	objects = {

/* Begin PBXBuildFile section */
		000ED85A1E5AE28400FCBF83 /* AppDelegate.swift in Sources */ = {isa = PBXBuildFile; fileRef = 000ED8591E5AE28400FCBF83 /* AppDelegate.swift */; };
		000ED8611E5AE28400FCBF83 /* Assets.xcassets in Resources */ = {isa = PBXBuildFile; fileRef = 000ED8601E5AE28400FCBF83 /* Assets.xcassets */; };
		000ED86C1E5AE28400FCBF83 /* YoYoVideoTests.swift in Sources */ = {isa = PBXBuildFile; fileRef = 000ED86B1E5AE28400FCBF83 /* YoYoVideoTests.swift */; };
		000ED8771E5AE28400FCBF83 /* YoYoVideoUITests.swift in Sources */ = {isa = PBXBuildFile; fileRef = 000ED8761E5AE28400FCBF83 /* YoYoVideoUITests.swift */; };
/* End PBXBuildFile section */

/* Begin PBXContainerItemProxy section */
		000ED8681E5AE28400FCBF83 /* PBXContainerItemProxy */ = {
			isa = PBXContainerItemProxy;
			containerPortal = 000ED84E1E5AE28400FCBF83 /* Project object */;
			proxyType = 1;
			remoteGlobalIDString = 000ED8551E5AE28400FCBF83;
			remoteInfo = YoYoVideo;
		};
		000ED8731E5AE28400FCBF83 /* PBXContainerItemProxy */ = {
			isa = PBXContainerItemProxy;
			containerPortal = 000ED84E1E5AE28400FCBF83 /* Project object */;
			proxyType = 1;
			remoteGlobalIDString = 000ED8551E5AE28400FCBF83;
			remoteInfo = YoYoVideo;
		};
/* End PBXContainerItemProxy section */

/* Begin PBXFileReference section */
		000ED8561E5AE28400FCBF83 /* YoYoVideo.app */ = {isa = PBXFileReference; explicitFileType = wrapper.application; includeInIndex = 0; path = YoYoVideo.app; sourceTree = BUILT_PRODUCTS_DIR; };
		000ED8591E5AE28400FCBF83 /* AppDelegate.swift */ = {isa = PBXFileReference; lastKnownFileType = sourcecode.swift; path = AppDelegate.swift; sourceTree = "<group>"; };
		000ED8601E5AE28400FCBF83 /* Assets.xcassets */ = {isa = PBXFileReference; lastKnownFileType = folder.assetcatalog; path = Assets.xcassets; sourceTree = "<group>"; };
		000ED8621E5AE28400FCBF83 /* Info.plist */ = {isa = PBXFileReference; lastKnownFileType = text.plist.xml; path = Info.plist; sourceTree = "<group>"; };
		000ED8671E5AE28400FCBF83 /* YoYoVideoTests.xctest */ = {isa = PBXFileReference; explicitFileType = wrapper.cfbundle; includeInIndex = 0; path = YoYoVideoTests.xctest; sourceTree = BUILT_PRODUCTS_DIR; };
		000ED86B1E5AE28400FCBF83 /* YoYoVideoTests.swift */ = {isa = PBXFileReference; lastKnownFileType = sourcecode.swift; path = YoYoVideoTests.swift; sourceTree = "<group>"; };
		000ED86D1E5AE28400FCBF83 /* Info.plist */ = {isa = PBXFileReference; lastKnownFileType = text.plist.xml; path = Info.plist; sourceTree = "<group>"; };
		000ED8721E5AE28400FCBF83 /* YoYoVideoUITests.xctest */ = {isa = PBXFileReference; explicitFileType = wrapper.cfbundle; includeInIndex = 0; path = YoYoVideoUITests.xctest; sourceTree = BUILT_PRODUCTS_DIR; };
		000ED8761E5AE28400FCBF83 /* YoYoVideoUITests.swift */ = {isa = PBXFileReference; lastKnownFileType = sourcecode.swift; path = YoYoVideoUITests.swift; sourceTree = "<group>"; };
		000ED8781E5AE28400FCBF83 /* Info.plist */ = {isa = PBXFileReference; lastKnownFileType = text.plist.xml; path = Info.plist; sourceTree = "<group>"; };
/* End PBXFileReference section */

/* Begin PBXFrameworksBuildPhase section */
		000ED8531E5AE28400FCBF83 /* Frameworks */ = {
			isa = PBXFrameworksBuildPhase;
			buildActionMask = 2147483647;
			files = (
			);
			runOnlyForDeploymentPostprocessing = 0;
		};
		000ED8641E5AE28400FCBF83 /* Frameworks */ = {
			isa = PBXFrameworksBuildPhase;
			buildActionMask = 2147483647;
			files = (
			);
			runOnlyForDeploymentPostprocessing = 0;
		};
		000ED86F1E5AE28400FCBF83 /* Frameworks */ = {
			isa = PBXFrameworksBuildPhase;
			buildActionMask = 2147483647;
			files = (
			);
			runOnlyForDeploymentPostprocessing = 0;
		};
/* End PBXFrameworksBuildPhase section */

/* Begin PBXGroup section */
		000ED84D1E5AE28400FCBF83 = {
			isa = PBXGroup;
			children = (
				000ED8581E5AE28400FCBF83 /* YoYoVideo */,
				000ED86A1E5AE28400FCBF83 /* YoYoVideoTests */,
				000ED8751E5AE28400FCBF83 /* YoYoVideoUITests */,
				000ED8571E5AE28400FCBF83 /* Products */,
			);
			sourceTree = "<group>";
		};
		000ED8571E5AE28400FCBF83 /* Products */ = {
			isa = PBXGroup;
			children = (
				000ED8561E5AE28400FCBF83 /* YoYoVideo.app */,
				000ED8671E5AE28400FCBF83 /* YoYoVideoTests.xctest */,
				000ED8721E5AE28400FCBF83 /* YoYoVideoUITests.xctest */,
			);
			name = Products;
			sourceTree = "<group>";
		};
		000ED8581E5AE28400FCBF83 /* YoYoVideo */ = {
			isa = PBXGroup;
			children = (
				000ED8591E5AE28400FCBF83 /* AppDelegate.swift */,
				000ED8601E5AE28400FCBF83 /* Assets.xcassets */,
				000ED8621E5AE28400FCBF83 /* Info.plist */,
			);
			path = YoYoVideo;
			sourceTree = "<group>";
		};
		000ED86A1E5AE28400FCBF83 /* YoYoVideoTests */ = {
			isa = PBXGroup;
			children = (
				000ED86B1E5AE28400FCBF83 /* YoYoVideoTests.swift */,
				000ED86D1E5AE28400FCBF83 /* Info.plist */,
			);
			path = YoYoVideoTests;
			sourceTree = "<group>";
		};
		000ED8751E5AE28400FCBF83 /* YoYoVideoUITests */ = {
			isa = PBXGroup;
			children = (
				000ED8761E5AE28400FCBF83 /* YoYoVideoUITests.swift */,
				000ED8781E5AE28400FCBF83 /* Info.plist */,
			);
			path = YoYoVideoUITests;
			sourceTree = "<group>";
		};
/* End PBXGroup section */

/* Begin PBXNativeTarget section */
		000ED8551E5AE28400FCBF83 /* YoYoVideo */ = {
			isa = PBXNativeTarget;
			buildConfigurationList = 000ED87B1E5AE28400FCBF83 /* Build configuration list for PBXNativeTarget "YoYoVideo" */;
			buildPhases = (
				000ED8521E5AE28400FCBF83 /* Sources */,
				000ED8531E5AE28400FCBF83 /* Frameworks */,
				000ED8541E5AE28400FCBF83 /* Resources */,
			);
			buildRules = (
			);
			dependencies = (
			);
			name = YoYoVideo;
			productName = YoYoVideo;
			productReference = 000ED8561E5AE28400FCBF83 /* YoYoVideo.app */;
			productType = "com.apple.product-type.application";
		};
		000ED8661E5AE28400FCBF83 /* YoYoVideoTests */ = {
			isa = PBXNativeTarget;
			buildConfigurationList = 000ED87E1E5AE28400FCBF83 /* Build configuration list for PBXNativeTarget "YoYoVideoTests" */;
			buildPhases = (
				000ED8631E5AE28400FCBF83 /* Sources */,
				000ED8641E5AE28400FCBF83 /* Frameworks */,
				000ED8651E5AE28400FCBF83 /* Resources */,
			);
			buildRules = (
			);
			dependencies = (
				000ED8691E5AE28400FCBF83 /* PBXTargetDependency */,
			);
			name = YoYoVideoTests;
			productName = YoYoVideoTests;
			productReference = 000ED8671E5AE28400FCBF83 /* YoYoVideoTests.xctest */;
			productType = "com.apple.product-type.bundle.unit-test";
		};
		000ED8711E5AE28400FCBF83 /* YoYoVideoUITests */ = {
			isa = PBXNativeTarget;
			buildConfigurationList = 000ED8811E5AE28400FCBF83 /* Build configuration list for PBXNativeTarget "YoYoVideoUITests" */;
			buildPhases = (
				000ED86E1E5AE28400FCBF83 /* Sources */,
				000ED86F1E5AE28400FCBF83 /* Frameworks */,
				000ED8701E5AE28400FCBF83 /* Resources */,
			);
			buildRules = (
			);
			dependencies = (
				000ED8741E5AE28400FCBF83 /* PBXTargetDependency */,
			);
			name = YoYoVideoUITests;
			productName = YoYoVideoUITests;
			productReference = 000ED8721E5AE28400FCBF83 /* YoYoVideoUITests.xctest */;
			productType = "com.apple.product-type.bundle.ui-testing";
		};
/* End PBXNativeTarget section */

/* Begin PBXProject section */
		000ED84E1E5AE28400FCBF83 /* Project object */ = {
			isa = PBXProject;
			attributes = {
				LastSwiftUpdateCheck = 0820;
				LastUpgradeCheck = 0820;
				ORGANIZATIONNAME = "li que";
				TargetAttributes = {
					000ED8551E5AE28400FCBF83 = {
						CreatedOnToolsVersion = 8.2.1;
						DevelopmentTeam = UA783A5Y5N;
						ProvisioningStyle = Manual;
					};
					000ED8661E5AE28400FCBF83 = {
						CreatedOnToolsVersion = 8.2.1;
						DevelopmentTeam = 87B8RM7V5R;
						ProvisioningStyle = Automatic;
						TestTargetID = 000ED8551E5AE28400FCBF83;
					};
					000ED8711E5AE28400FCBF83 = {
						CreatedOnToolsVersion = 8.2.1;
						DevelopmentTeam = 87B8RM7V5R;
						ProvisioningStyle = Automatic;
						TestTargetID = 000ED8551E5AE28400FCBF83;
					};
				};
			};
			buildConfigurationList = 000ED8511E5AE28400FCBF83 /* Build configuration list for PBXProject "YoYoVideo" */;
			compatibilityVersion = "Xcode 3.2";
			developmentRegion = English;
			hasScannedForEncodings = 0;
			knownRegions = (
				en,
				Base,
			);
			mainGroup = 000ED84D1E5AE28400FCBF83;
			productRefGroup = 000ED8571E5AE28400FCBF83 /* Products */;
			projectDirPath = "";
			projectRoot = "";
			targets = (
				000ED8551E5AE28400FCBF83 /* YoYoVideo */,
				000ED8661E5AE28400FCBF83 /* YoYoVideoTests */,
				000ED8711E5AE28400FCBF83 /* YoYoVideoUITests */,
			);
		};
/* End PBXProject section */

/* Begin PBXResourcesBuildPhase section */
		000ED8541E5AE28400FCBF83 /* Resources */ = {
			isa = PBXResourcesBuildPhase;
			buildActionMask = 2147483647;
			files = (
				000ED8611E5AE28400FCBF83 /* Assets.xcassets in Resources */,
			);
			runOnlyForDeploymentPostprocessing = 0;
		};
		000ED8651E5AE28400FCBF83 /* Resources */ = {
			isa = PBXResourcesBuildPhase;
			buildActionMask = 2147483647;
			files = (
			);
			runOnlyForDeploymentPostprocessing = 0;
		};
		000ED8701E5AE28400FCBF83 /* Resources */ = {
			isa = PBXResourcesBuildPhase;
			buildActionMask = 2147483647;
			files = (
			);
			runOnlyForDeploymentPostprocessing = 0;
		};
/* End PBXResourcesBuildPhase section */

/* Begin PBXSourcesBuildPhase section */
		000ED8521E5AE28400FCBF83 /* Sources */ = {
			isa = PBXSourcesBuildPhase;
			buildActionMask = 2147483647;
			files = (
				000ED85A1E5AE28400FCBF83 /* AppDelegate.swift in Sources */,
			);
			runOnlyForDeploymentPostprocessing = 0;
		};
		000ED8631E5AE28400FCBF83 /* Sources */ = {
			isa = PBXSourcesBuildPhase;
			buildActionMask = 2147483647;
			files = (
				000ED86C1E5AE28400FCBF83 /* YoYoVideoTests.swift in Sources */,
			);
			runOnlyForDeploymentPostprocessing = 0;
		};
		000ED86E1E5AE28400FCBF83 /* Sources */ = {
			isa = PBXSourcesBuildPhase;
			buildActionMask = 2147483647;
			files = (
				000ED8771E5AE28400FCBF83 /* YoYoVideoUITests.swift in Sources */,
			);
			runOnlyForDeploymentPostprocessing = 0;
		};
/* End PBXSourcesBuildPhase section */

/* Begin PBXTargetDependency section */
		000ED8691E5AE28400FCBF83 /* PBXTargetDependency */ = {
			isa = PBXTargetDependency;
			target = 000ED8551E5AE28400FCBF83 /* YoYoVideo */;
			targetProxy = 000ED8681E5AE28400FCBF83 /* PBXContainerItemProxy */;
		};
		000ED8741E5AE28400FCBF83 /* PBXTargetDependency */ = {
			isa = PBXTargetDependency;
			target = 000ED8551E5AE28400FCBF83 /* YoYoVideo */;
			targetProxy = 000ED8731E5AE28400FCBF83 /* PBXContainerItemProxy */;
		};
/* End PBXTargetDependency section */

/* Begin XCBuildConfiguration section */
		000ED8791E5AE28400FCBF83 /* Debug */ = {
			isa = XCBuildConfiguration;
			buildSettings = {
				ALWAYS_SEARCH_USER_PATHS = NO;
				CLANG_ANALYZER_NONNULL = YES;
				CLANG_CXX_LANGUAGE_STANDARD = "gnu++0x";
				CLANG_CXX_LIBRARY = "libc++";
				CLANG_ENABLE_MODULES = YES;
				CLANG_ENABLE_OBJC_ARC = YES;
				CLANG_WARN_BOOL_CONVERSION = YES;
				CLANG_WARN_CONSTANT_CONVERSION = YES;
				CLANG_WARN_DIRECT_OBJC_ISA_USAGE = YES_ERROR;
				CLANG_WARN_DOCUMENTATION_COMMENTS = YES;
				CLANG_WARN_EMPTY_BODY = YES;
				CLANG_WARN_ENUM_CONVERSION = YES;
				CLANG_WARN_INFINITE_RECURSION = YES;
				CLANG_WARN_INT_CONVERSION = YES;
				CLANG_WARN_OBJC_ROOT_CLASS = YES_ERROR;
				CLANG_WARN_SUSPICIOUS_MOVE = YES;
				CLANG_WARN_UNREACHABLE_CODE = YES;
				CLANG_WARN__DUPLICATE_METHOD_MATCH = YES;
				COPY_PHASE_STRIP = NO;
				DEBUG_INFORMATION_FORMAT = dwarf;
				ENABLE_STRICT_OBJC_MSGSEND = YES;
				ENABLE_TESTABILITY = YES;
				GCC_C_LANGUAGE_STANDARD = gnu99;
				GCC_DYNAMIC_NO_PIC = NO;
				GCC_NO_COMMON_BLOCKS = YES;
				GCC_OPTIMIZATION_LEVEL = 0;
				GCC_PREPROCESSOR_DEFINITIONS = (
					"DEBUG=1",
					"$(inherited)",
				);
				GCC_WARN_64_TO_32_BIT_CONVERSION = YES;
				GCC_WARN_ABOUT_RETURN_TYPE = YES_ERROR;
				GCC_WARN_UNDECLARED_SELECTOR = YES;
				GCC_WARN_UNINITIALIZED_AUTOS = YES_AGGRESSIVE;
				GCC_WARN_UNUSED_FUNCTION = YES;
				GCC_WARN_UNUSED_VARIABLE = YES;
				MTL_ENABLE_DEBUG_INFO = YES;
				ONLY_ACTIVE_ARCH = YES;
				SDKROOT = appletvos;
				SWIFT_ACTIVE_COMPILATION_CONDITIONS = DEBUG;
				SWIFT_OPTIMIZATION_LEVEL = "-Onone";
				TARGETED_DEVICE_FAMILY = 3;
				TVOS_DEPLOYMENT_TARGET = 10.1;
			};
			name = Debug;
		};
		000ED87A1E5AE28400FCBF83 /* Release */ = {
			isa = XCBuildConfiguration;
			buildSettings = {
				ALWAYS_SEARCH_USER_PATHS = NO;
				CLANG_ANALYZER_NONNULL = YES;
				CLANG_CXX_LANGUAGE_STANDARD = "gnu++0x";
				CLANG_CXX_LIBRARY = "libc++";
				CLANG_ENABLE_MODULES = YES;
				CLANG_ENABLE_OBJC_ARC = YES;
				CLANG_WARN_BOOL_CONVERSION = YES;
				CLANG_WARN_CONSTANT_CONVERSION = YES;
				CLANG_WARN_DIRECT_OBJC_ISA_USAGE = YES_ERROR;
				CLANG_WARN_DOCUMENTATION_COMMENTS = YES;
				CLANG_WARN_EMPTY_BODY = YES;
				CLANG_WARN_ENUM_CONVERSION = YES;
				CLANG_WARN_INFINITE_RECURSION = YES;
				CLANG_WARN_INT_CONVERSION = YES;
				CLANG_WARN_OBJC_ROOT_CLASS = YES_ERROR;
				CLANG_WARN_SUSPICIOUS_MOVE = YES;
				CLANG_WARN_UNREACHABLE_CODE = YES;
				CLANG_WARN__DUPLICATE_METHOD_MATCH = YES;
				COPY_PHASE_STRIP = NO;
				DEBUG_INFORMATION_FORMAT = "dwarf-with-dsym";
				ENABLE_NS_ASSERTIONS = NO;
				ENABLE_STRICT_OBJC_MSGSEND = YES;
				GCC_C_LANGUAGE_STANDARD = gnu99;
				GCC_NO_COMMON_BLOCKS = YES;
				GCC_WARN_64_TO_32_BIT_CONVERSION = YES;
				GCC_WARN_ABOUT_RETURN_TYPE = YES_ERROR;
				GCC_WARN_UNDECLARED_SELECTOR = YES;
				GCC_WARN_UNINITIALIZED_AUTOS = YES_AGGRESSIVE;
				GCC_WARN_UNUSED_FUNCTION = YES;
				GCC_WARN_UNUSED_VARIABLE = YES;
				MTL_ENABLE_DEBUG_INFO = NO;
				SDKROOT = appletvos;
				SWIFT_OPTIMIZATION_LEVEL = "-Owholemodule";
				TARGETED_DEVICE_FAMILY = 3;
				TVOS_DEPLOYMENT_TARGET = 10.1;
				VALIDATE_PRODUCT = YES;
			};
			name = Release;
		};
		000ED87C1E5AE28400FCBF83 /* Debug */ = {
			isa = XCBuildConfiguration;
			buildSettings = {
				ASSETCATALOG_COMPILER_APPICON_NAME = "App Icon & Top Shelf Image";
				ASSETCATALOG_COMPILER_LAUNCHIMAGE_NAME = LaunchImage;
				"CODE_SIGN_IDENTITY[sdk=appletvos*]" = "iPhone Distribution";
				DEVELOPMENT_TEAM = UA783A5Y5N;
				INFOPLIST_FILE = YoYoVideo/Info.plist;
				LD_RUNPATH_SEARCH_PATHS = "$(inherited) @executable_path/Frameworks";
				PRODUCT_BUNDLE_IDENTIFIER = com.uu.YoYoVideo;
				PRODUCT_NAME = "$(TARGET_NAME)";
				PROVISIONING_PROFILE = "c8a64440-9386-4cfd-9eb2-13ddf4d37768";
				PROVISIONING_PROFILE_SPECIFIER = YoYoTV;
				SWIFT_VERSION = 3.0;
				TVOS_DEPLOYMENT_TARGET = 9.0;
			};
			name = Debug;
		};
		000ED87D1E5AE28400FCBF83 /* Release */ = {
			isa = XCBuildConfiguration;
			buildSettings = {
				ASSETCATALOG_COMPILER_APPICON_NAME = "App Icon & Top Shelf Image";
				ASSETCATALOG_COMPILER_LAUNCHIMAGE_NAME = LaunchImage;
				"CODE_SIGN_IDENTITY[sdk=appletvos*]" = "iPhone Distribution";
				DEVELOPMENT_TEAM = UA783A5Y5N;
				INFOPLIST_FILE = YoYoVideo/Info.plist;
				LD_RUNPATH_SEARCH_PATHS = "$(inherited) @executable_path/Frameworks";
				PRODUCT_BUNDLE_IDENTIFIER = com.uu.YoYoVideo;
				PRODUCT_NAME = "$(TARGET_NAME)";
				PROVISIONING_PROFILE = "c8a64440-9386-4cfd-9eb2-13ddf4d37768";
				PROVISIONING_PROFILE_SPECIFIER = YoYoTV;
				SWIFT_VERSION = 3.0;
				TVOS_DEPLOYMENT_TARGET = 9.0;
			};
			name = Release;
		};
		000ED87F1E5AE28400FCBF83 /* Debug */ = {
			isa = XCBuildConfiguration;
			buildSettings = {
				ALWAYS_EMBED_SWIFT_STANDARD_LIBRARIES = YES;
				BUNDLE_LOADER = "$(TEST_HOST)";
				DEVELOPMENT_TEAM = 87B8RM7V5R;
				INFOPLIST_FILE = YoYoVideoTests/Info.plist;
				LD_RUNPATH_SEARCH_PATHS = "$(inherited) @executable_path/Frameworks @loader_path/Frameworks";
				PRODUCT_BUNDLE_IDENTIFIER = com.test.YoYoVideoTests;
				PRODUCT_NAME = "$(TARGET_NAME)";
				SWIFT_VERSION = 3.0;
				TEST_HOST = "$(BUILT_PRODUCTS_DIR)/YoYoVideo.app/YoYoVideo";
			};
			name = Debug;
		};
		000ED8801E5AE28400FCBF83 /* Release */ = {
			isa = XCBuildConfiguration;
			buildSettings = {
				ALWAYS_EMBED_SWIFT_STANDARD_LIBRARIES = YES;
				BUNDLE_LOADER = "$(TEST_HOST)";
				DEVELOPMENT_TEAM = 87B8RM7V5R;
				INFOPLIST_FILE = YoYoVideoTests/Info.plist;
				LD_RUNPATH_SEARCH_PATHS = "$(inherited) @executable_path/Frameworks @loader_path/Frameworks";
				PRODUCT_BUNDLE_IDENTIFIER = com.test.YoYoVideoTests;
				PRODUCT_NAME = "$(TARGET_NAME)";
				SWIFT_VERSION = 3.0;
				TEST_HOST = "$(BUILT_PRODUCTS_DIR)/YoYoVideo.app/YoYoVideo";
			};
			name = Release;
		};
		000ED8821E5AE28400FCBF83 /* Debug */ = {
			isa = XCBuildConfiguration;
			buildSettings = {
				ALWAYS_EMBED_SWIFT_STANDARD_LIBRARIES = YES;
				DEVELOPMENT_TEAM = 87B8RM7V5R;
				INFOPLIST_FILE = YoYoVideoUITests/Info.plist;
				LD_RUNPATH_SEARCH_PATHS = "$(inherited) @executable_path/Frameworks @loader_path/Frameworks";
				PRODUCT_BUNDLE_IDENTIFIER = com.test.YoYoVideoUITests;
				PRODUCT_NAME = "$(TARGET_NAME)";
				SWIFT_VERSION = 3.0;
				TEST_TARGET_NAME = YoYoVideo;
			};
			name = Debug;
		};
		000ED8831E5AE28400FCBF83 /* Release */ = {
			isa = XCBuildConfiguration;
			buildSettings = {
				ALWAYS_EMBED_SWIFT_STANDARD_LIBRARIES = YES;
				DEVELOPMENT_TEAM = 87B8RM7V5R;
				INFOPLIST_FILE = YoYoVideoUITests/Info.plist;
				LD_RUNPATH_SEARCH_PATHS = "$(inherited) @executable_path/Frameworks @loader_path/Frameworks";
				PRODUCT_BUNDLE_IDENTIFIER = com.test.YoYoVideoUITests;
				PRODUCT_NAME = "$(TARGET_NAME)";
				SWIFT_VERSION = 3.0;
				TEST_TARGET_NAME = YoYoVideo;
			};
			name = Release;
		};
/* End XCBuildConfiguration section */

/* Begin XCConfigurationList section */
		000ED8511E5AE28400FCBF83 /* Build configuration list for PBXProject "YoYoVideo" */ = {
			isa = XCConfigurationList;
			buildConfigurations = (
				000ED8791E5AE28400FCBF83 /* Debug */,
				000ED87A1E5AE28400FCBF83 /* Release */,
			);
			defaultConfigurationIsVisible = 0;
			defaultConfigurationName = Release;
		};
		000ED87B1E5AE28400FCBF83 /* Build configuration list for PBXNativeTarget "YoYoVideo" */ = {
			isa = XCConfigurationList;
			buildConfigurations = (
				000ED87C1E5AE28400FCBF83 /* Debug */,
				000ED87D1E5AE28400FCBF83 /* Release */,
			);
			defaultConfigurationIsVisible = 0;
			defaultConfigurationName = Release;
		};
		000ED87E1E5AE28400FCBF83 /* Build configuration list for PBXNativeTarget "YoYoVideoTests" */ = {
			isa = XCConfigurationList;
			buildConfigurations = (
				000ED87F1E5AE28400FCBF83 /* Debug */,
				000ED8801E5AE28400FCBF83 /* Release */,
			);
			defaultConfigurationIsVisible = 0;
			defaultConfigurationName = Release;
		};
		000ED8811E5AE28400FCBF83 /* Build configuration list for PBXNativeTarget "YoYoVideoUITests" */ = {
			isa = XCConfigurationList;
			buildConfigurations = (
				000ED8821E5AE28400FCBF83 /* Debug */,
				000ED8831E5AE28400FCBF83 /* Release */,
			);
			defaultConfigurationIsVisible = 0;
			defaultConfigurationName = Release;
		};
/* End XCConfigurationList section */
	};
	rootObject = 000ED84E1E5AE28400FCBF83 /* Project object */;
}
